// !$*UTF8*$!
{
	archiveVersion = 1;
	classes = {
	};
	objectVersion = 46;
	objects = {

/* Begin PBXBuildFile section */
		1009B2B91E47F0CB00A9AF6F /* Protocols.swift in Sources */ = {isa = PBXBuildFile; fileRef = 1009B2B81E47F0CB00A9AF6F /* Protocols.swift */; };
		1009B2BB1E47F6E800A9AF6F /* PlayerDisplay.xib in Resources */ = {isa = PBXBuildFile; fileRef = 1009B2BA1E47F6E800A9AF6F /* PlayerDisplay.xib */; };
		1014D3041E45328800C7CCCB /* DieButton.swift in Sources */ = {isa = PBXBuildFile; fileRef = 1014D3031E45328800C7CCCB /* DieButton.swift */; };
		1014D3061E4532A300C7CCCB /* PlayerDisplay.swift in Sources */ = {isa = PBXBuildFile; fileRef = 1014D3051E4532A300C7CCCB /* PlayerDisplay.swift */; };
		1014D3081E4532AE00C7CCCB /* PotDisplay.swift in Sources */ = {isa = PBXBuildFile; fileRef = 1014D3071E4532AE00C7CCCB /* PotDisplay.swift */; };
		1014D30A1E4532BB00C7CCCB /* RollButton.swift in Sources */ = {isa = PBXBuildFile; fileRef = 1014D3091E4532BB00C7CCCB /* RollButton.swift */; };
		1014D30E1E4532EE00C7CCCB /* PhaseDisplay.swift in Sources */ = {isa = PBXBuildFile; fileRef = 1014D30D1E4532EE00C7CCCB /* PhaseDisplay.swift */; };
		10357FD51E48D96600EE29D5 /* ViewUpdater.swift in Sources */ = {isa = PBXBuildFile; fileRef = 10357FD41E48D96600EE29D5 /* ViewUpdater.swift */; };
		105A8FB41E48AFA9008F1973 /* PotDisplay.xib in Resources */ = {isa = PBXBuildFile; fileRef = 105A8FB31E48AFA9008F1973 /* PotDisplay.xib */; };
		105A8FB61E48B18A008F1973 /* PhaseDisplay.xib in Resources */ = {isa = PBXBuildFile; fileRef = 105A8FB51E48B18A008F1973 /* PhaseDisplay.xib */; };
		10854D971E44CF83003934E5 /* Assets.xcassets in Resources */ = {isa = PBXBuildFile; fileRef = 10854D961E44CF83003934E5 /* Assets.xcassets */; };
		10854D9E1E44CF84003934E5 /* MessagesExtension.appex in Embed App Extensions */ = {isa = PBXBuildFile; fileRef = 10854D9D1E44CF84003934E5 /* MessagesExtension.appex */; settings = {ATTRIBUTES = (RemoveHeadersOnCopy, ); }; };
		10854DA31E44CF84003934E5 /* Messages.framework in Frameworks */ = {isa = PBXBuildFile; fileRef = 10854DA21E44CF84003934E5 /* Messages.framework */; };
		10854DA61E44CF84003934E5 /* MessagesViewController.swift in Sources */ = {isa = PBXBuildFile; fileRef = 10854DA51E44CF84003934E5 /* MessagesViewController.swift */; };
		10854DA91E44CF84003934E5 /* MainInterface.storyboard in Resources */ = {isa = PBXBuildFile; fileRef = 10854DA71E44CF84003934E5 /* MainInterface.storyboard */; };
		10854DAB1E44CF84003934E5 /* Assets.xcassets in Resources */ = {isa = PBXBuildFile; fileRef = 10854DAA1E44CF84003934E5 /* Assets.xcassets */; };
		10854DBD1E44D169003934E5 /* ChicagoModel.swift in Sources */ = {isa = PBXBuildFile; fileRef = 10854DBC1E44D169003934E5 /* ChicagoModel.swift */; };
		10854DBF1E44D48D003934E5 /* Player.swift in Sources */ = {isa = PBXBuildFile; fileRef = 10854DBE1E44D48D003934E5 /* Player.swift */; };
		10854DC11E44D5CE003934E5 /* Die.swift in Sources */ = {isa = PBXBuildFile; fileRef = 10854DC01E44D5CE003934E5 /* Die.swift */; };
		108C50341E466501001C680A /* GameVC.swift in Sources */ = {isa = PBXBuildFile; fileRef = 108C50331E466501001C680A /* GameVC.swift */; };
		108C50361E4666E9001C680A /* CompactVC.swift in Sources */ = {isa = PBXBuildFile; fileRef = 108C50351E4666E9001C680A /* CompactVC.swift */; };
/* End PBXBuildFile section */

/* Begin PBXContainerItemProxy section */
		10854D9F1E44CF84003934E5 /* PBXContainerItemProxy */ = {
			isa = PBXContainerItemProxy;
			containerPortal = 10854D8D1E44CF83003934E5 /* Project object */;
			proxyType = 1;
			remoteGlobalIDString = 10854D9C1E44CF84003934E5;
			remoteInfo = MessagesExtension;
		};
/* End PBXContainerItemProxy section */

/* Begin PBXCopyFilesBuildPhase section */
		10854DB21E44CF84003934E5 /* Embed App Extensions */ = {
			isa = PBXCopyFilesBuildPhase;
			buildActionMask = 2147483647;
			dstPath = "";
			dstSubfolderSpec = 13;
			files = (
				10854D9E1E44CF84003934E5 /* MessagesExtension.appex in Embed App Extensions */,
			);
			name = "Embed App Extensions";
			runOnlyForDeploymentPostprocessing = 0;
		};
/* End PBXCopyFilesBuildPhase section */

/* Begin PBXFileReference section */
		1009B2B81E47F0CB00A9AF6F /* Protocols.swift */ = {isa = PBXFileReference; fileEncoding = 4; lastKnownFileType = sourcecode.swift; path = Protocols.swift; sourceTree = "<group>"; };
		1009B2BA1E47F6E800A9AF6F /* PlayerDisplay.xib */ = {isa = PBXFileReference; fileEncoding = 4; lastKnownFileType = file.xib; path = PlayerDisplay.xib; sourceTree = "<group>"; };
		1014D3031E45328800C7CCCB /* DieButton.swift */ = {isa = PBXFileReference; fileEncoding = 4; lastKnownFileType = sourcecode.swift; path = DieButton.swift; sourceTree = "<group>"; };
		1014D3051E4532A300C7CCCB /* PlayerDisplay.swift */ = {isa = PBXFileReference; fileEncoding = 4; lastKnownFileType = sourcecode.swift; path = PlayerDisplay.swift; sourceTree = "<group>"; };
		1014D3071E4532AE00C7CCCB /* PotDisplay.swift */ = {isa = PBXFileReference; fileEncoding = 4; lastKnownFileType = sourcecode.swift; path = PotDisplay.swift; sourceTree = "<group>"; };
		1014D3091E4532BB00C7CCCB /* RollButton.swift */ = {isa = PBXFileReference; fileEncoding = 4; lastKnownFileType = sourcecode.swift; path = RollButton.swift; sourceTree = "<group>"; };
		1014D30D1E4532EE00C7CCCB /* PhaseDisplay.swift */ = {isa = PBXFileReference; fileEncoding = 4; lastKnownFileType = sourcecode.swift; path = PhaseDisplay.swift; sourceTree = "<group>"; };
		10357FD41E48D96600EE29D5 /* ViewUpdater.swift */ = {isa = PBXFileReference; fileEncoding = 4; lastKnownFileType = sourcecode.swift; path = ViewUpdater.swift; sourceTree = "<group>"; };
		105A8FB31E48AFA9008F1973 /* PotDisplay.xib */ = {isa = PBXFileReference; fileEncoding = 4; lastKnownFileType = file.xib; path = PotDisplay.xib; sourceTree = "<group>"; };
		105A8FB51E48B18A008F1973 /* PhaseDisplay.xib */ = {isa = PBXFileReference; fileEncoding = 4; lastKnownFileType = file.xib; path = PhaseDisplay.xib; sourceTree = "<group>"; };
		10854D931E44CF83003934E5 /* Chicago.app */ = {isa = PBXFileReference; explicitFileType = wrapper.application; includeInIndex = 0; path = Chicago.app; sourceTree = BUILT_PRODUCTS_DIR; };
		10854D961E44CF83003934E5 /* Assets.xcassets */ = {isa = PBXFileReference; lastKnownFileType = folder.assetcatalog; path = Assets.xcassets; sourceTree = "<group>"; };
		10854D981E44CF83003934E5 /* Info.plist */ = {isa = PBXFileReference; lastKnownFileType = text.plist.xml; path = Info.plist; sourceTree = "<group>"; };
		10854D9D1E44CF84003934E5 /* MessagesExtension.appex */ = {isa = PBXFileReference; explicitFileType = "wrapper.app-extension"; includeInIndex = 0; path = MessagesExtension.appex; sourceTree = BUILT_PRODUCTS_DIR; };
		10854DA21E44CF84003934E5 /* Messages.framework */ = {isa = PBXFileReference; lastKnownFileType = wrapper.framework; name = Messages.framework; path = System/Library/Frameworks/Messages.framework; sourceTree = SDKROOT; };
		10854DA51E44CF84003934E5 /* MessagesViewController.swift */ = {isa = PBXFileReference; lastKnownFileType = sourcecode.swift; path = MessagesViewController.swift; sourceTree = "<group>"; };
		10854DA81E44CF84003934E5 /* Base */ = {isa = PBXFileReference; lastKnownFileType = file.storyboard; name = Base; path = Base.lproj/MainInterface.storyboard; sourceTree = "<group>"; };
		10854DAA1E44CF84003934E5 /* Assets.xcassets */ = {isa = PBXFileReference; lastKnownFileType = folder.assetcatalog; path = Assets.xcassets; sourceTree = "<group>"; };
		10854DAC1E44CF84003934E5 /* Info.plist */ = {isa = PBXFileReference; lastKnownFileType = text.plist.xml; path = Info.plist; sourceTree = "<group>"; };
		10854DBC1E44D169003934E5 /* ChicagoModel.swift */ = {isa = PBXFileReference; fileEncoding = 4; lastKnownFileType = sourcecode.swift; path = ChicagoModel.swift; sourceTree = "<group>"; };
		10854DBE1E44D48D003934E5 /* Player.swift */ = {isa = PBXFileReference; fileEncoding = 4; lastKnownFileType = sourcecode.swift; path = Player.swift; sourceTree = "<group>"; };
		10854DC01E44D5CE003934E5 /* Die.swift */ = {isa = PBXFileReference; fileEncoding = 4; lastKnownFileType = sourcecode.swift; path = Die.swift; sourceTree = "<group>"; };
		108C50331E466501001C680A /* GameVC.swift */ = {isa = PBXFileReference; fileEncoding = 4; lastKnownFileType = sourcecode.swift; path = GameVC.swift; sourceTree = "<group>"; };
		108C50351E4666E9001C680A /* CompactVC.swift */ = {isa = PBXFileReference; fileEncoding = 4; lastKnownFileType = sourcecode.swift; path = CompactVC.swift; sourceTree = "<group>"; };
/* End PBXFileReference section */

/* Begin PBXFrameworksBuildPhase section */
		10854D9A1E44CF84003934E5 /* Frameworks */ = {
			isa = PBXFrameworksBuildPhase;
			buildActionMask = 2147483647;
			files = (
				10854DA31E44CF84003934E5 /* Messages.framework in Frameworks */,
			);
			runOnlyForDeploymentPostprocessing = 0;
		};
/* End PBXFrameworksBuildPhase section */

/* Begin PBXGroup section */
		1009B2B71E47F0BE00A9AF6F /* Utils */ = {
			isa = PBXGroup;
			children = (
				1009B2B81E47F0CB00A9AF6F /* Protocols.swift */,
			);
			name = Utils;
			sourceTree = "<group>";
		};
		10854D8C1E44CF83003934E5 = {
			isa = PBXGroup;
			children = (
				10854D951E44CF83003934E5 /* Chicago */,
				10854DA41E44CF84003934E5 /* MessagesExtension */,
				10854DA11E44CF84003934E5 /* Frameworks */,
				10854D941E44CF83003934E5 /* Products */,
			);
			sourceTree = "<group>";
		};
		10854D941E44CF83003934E5 /* Products */ = {
			isa = PBXGroup;
			children = (
				10854D931E44CF83003934E5 /* Chicago.app */,
				10854D9D1E44CF84003934E5 /* MessagesExtension.appex */,
			);
			name = Products;
			sourceTree = "<group>";
		};
		10854D951E44CF83003934E5 /* Chicago */ = {
			isa = PBXGroup;
			children = (
				10854D961E44CF83003934E5 /* Assets.xcassets */,
				10854D981E44CF83003934E5 /* Info.plist */,
			);
			path = Chicago;
			sourceTree = "<group>";
		};
		10854DA11E44CF84003934E5 /* Frameworks */ = {
			isa = PBXGroup;
			children = (
				10854DA21E44CF84003934E5 /* Messages.framework */,
			);
			name = Frameworks;
			sourceTree = "<group>";
		};
		10854DA41E44CF84003934E5 /* MessagesExtension */ = {
			isa = PBXGroup;
			children = (
				1009B2B71E47F0BE00A9AF6F /* Utils */,
				10854DBB1E44D106003934E5 /* Model */,
				10854DBA1E44D102003934E5 /* View */,
				10854DB91E44D0FC003934E5 /* Controller */,
				10854DA71E44CF84003934E5 /* MainInterface.storyboard */,
				10854DAA1E44CF84003934E5 /* Assets.xcassets */,
				10854DAC1E44CF84003934E5 /* Info.plist */,
			);
			path = MessagesExtension;
			sourceTree = "<group>";
		};
		10854DB91E44D0FC003934E5 /* Controller */ = {
			isa = PBXGroup;
			children = (
				10854DA51E44CF84003934E5 /* MessagesViewController.swift */,
				108C50331E466501001C680A /* GameVC.swift */,
				108C50351E4666E9001C680A /* CompactVC.swift */,
			);
			name = Controller;
			sourceTree = "<group>";
		};
		10854DBA1E44D102003934E5 /* View */ = {
			isa = PBXGroup;
			children = (
				1014D3031E45328800C7CCCB /* DieButton.swift */,
				1014D3051E4532A300C7CCCB /* PlayerDisplay.swift */,
				1014D3071E4532AE00C7CCCB /* PotDisplay.swift */,
				1014D3091E4532BB00C7CCCB /* RollButton.swift */,
				1014D30D1E4532EE00C7CCCB /* PhaseDisplay.swift */,
				1009B2BA1E47F6E800A9AF6F /* PlayerDisplay.xib */,
				105A8FB31E48AFA9008F1973 /* PotDisplay.xib */,
				105A8FB51E48B18A008F1973 /* PhaseDisplay.xib */,
				10357FD41E48D96600EE29D5 /* ViewUpdater.swift */,
			);
			name = View;
			sourceTree = "<group>";
		};
		10854DBB1E44D106003934E5 /* Model */ = {
			isa = PBXGroup;
			children = (
				10854DBC1E44D169003934E5 /* ChicagoModel.swift */,
				10854DBE1E44D48D003934E5 /* Player.swift */,
				10854DC01E44D5CE003934E5 /* Die.swift */,
			);
			name = Model;
			sourceTree = "<group>";
		};
/* End PBXGroup section */

/* Begin PBXNativeTarget section */
		10854D921E44CF83003934E5 /* Chicago */ = {
			isa = PBXNativeTarget;
			buildConfigurationList = 10854DB31E44CF84003934E5 /* Build configuration list for PBXNativeTarget "Chicago" */;
			buildPhases = (
				10854D911E44CF83003934E5 /* Resources */,
				10854DB21E44CF84003934E5 /* Embed App Extensions */,
				10854DB71E44D03C003934E5 /* Increment Build */,
			);
			buildRules = (
			);
			dependencies = (
				10854DA01E44CF84003934E5 /* PBXTargetDependency */,
			);
			name = Chicago;
			productName = Chicago;
			productReference = 10854D931E44CF83003934E5 /* Chicago.app */;
			productType = "com.apple.product-type.application.messages";
		};
		10854D9C1E44CF84003934E5 /* MessagesExtension */ = {
			isa = PBXNativeTarget;
			buildConfigurationList = 10854DAF1E44CF84003934E5 /* Build configuration list for PBXNativeTarget "MessagesExtension" */;
			buildPhases = (
				10854D991E44CF84003934E5 /* Sources */,
				10854D9A1E44CF84003934E5 /* Frameworks */,
				10854D9B1E44CF84003934E5 /* Resources */,
				10854DB81E44D04E003934E5 /* Increment Build */,
			);
			buildRules = (
			);
			dependencies = (
			);
			name = MessagesExtension;
			productName = MessagesExtension;
			productReference = 10854D9D1E44CF84003934E5 /* MessagesExtension.appex */;
			productType = "com.apple.product-type.app-extension.messages";
		};
/* End PBXNativeTarget section */

/* Begin PBXProject section */
		10854D8D1E44CF83003934E5 /* Project object */ = {
			isa = PBXProject;
			attributes = {
				LastSwiftUpdateCheck = 0820;
				LastUpgradeCheck = 0820;
				ORGANIZATIONNAME = "Drew Lanning";
				TargetAttributes = {
					10854D921E44CF83003934E5 = {
						CreatedOnToolsVersion = 8.2.1;
						DevelopmentTeam = TFEDY5M56J;
						ProvisioningStyle = Automatic;
					};
					10854D9C1E44CF84003934E5 = {
						CreatedOnToolsVersion = 8.2.1;
						DevelopmentTeam = TFEDY5M56J;
						ProvisioningStyle = Automatic;
					};
				};
			};
			buildConfigurationList = 10854D901E44CF83003934E5 /* Build configuration list for PBXProject "Chicago" */;
			compatibilityVersion = "Xcode 3.2";
			developmentRegion = English;
			hasScannedForEncodings = 0;
			knownRegions = (
				en,
				Base,
			);
			mainGroup = 10854D8C1E44CF83003934E5;
			productRefGroup = 10854D941E44CF83003934E5 /* Products */;
			projectDirPath = "";
			projectRoot = "";
			targets = (
				10854D921E44CF83003934E5 /* Chicago */,
				10854D9C1E44CF84003934E5 /* MessagesExtension */,
			);
		};
/* End PBXProject section */

/* Begin PBXResourcesBuildPhase section */
		10854D911E44CF83003934E5 /* Resources */ = {
			isa = PBXResourcesBuildPhase;
			buildActionMask = 2147483647;
			files = (
				10854D971E44CF83003934E5 /* Assets.xcassets in Resources */,
			);
			runOnlyForDeploymentPostprocessing = 0;
		};
		10854D9B1E44CF84003934E5 /* Resources */ = {
			isa = PBXResourcesBuildPhase;
			buildActionMask = 2147483647;
			files = (
				105A8FB41E48AFA9008F1973 /* PotDisplay.xib in Resources */,
				10854DAB1E44CF84003934E5 /* Assets.xcassets in Resources */,
				10854DA91E44CF84003934E5 /* MainInterface.storyboard in Resources */,
				1009B2BB1E47F6E800A9AF6F /* PlayerDisplay.xib in Resources */,
				105A8FB61E48B18A008F1973 /* PhaseDisplay.xib in Resources */,
			);
			runOnlyForDeploymentPostprocessing = 0;
		};
/* End PBXResourcesBuildPhase section */

/* Begin PBXShellScriptBuildPhase section */
		10854DB71E44D03C003934E5 /* Increment Build */ = {
			isa = PBXShellScriptBuildPhase;
			buildActionMask = 2147483647;
			files = (
			);
			inputPaths = (
			);
			name = "Increment Build";
			outputPaths = (
			);
			runOnlyForDeploymentPostprocessing = 0;
			shellPath = /bin/sh;
			shellScript = "buildNumber=$(/usr/libexec/PlistBuddy -c \"Print CFBundleVersion\" \"${PROJECT_DIR}/${INFOPLIST_FILE}\")\nbuildNumber=$(($buildNumber + 1))\n/usr/libexec/PlistBuddy -c \"Set :CFBundleVersion $buildNumber\" \"${PROJECT_DIR}/${INFOPLIST_FILE}\"";
		};
		10854DB81E44D04E003934E5 /* Increment Build */ = {
			isa = PBXShellScriptBuildPhase;
			buildActionMask = 2147483647;
			files = (
			);
			inputPaths = (
			);
			name = "Increment Build";
			outputPaths = (
			);
			runOnlyForDeploymentPostprocessing = 0;
			shellPath = /bin/sh;
			shellScript = "buildNumber=$(/usr/libexec/PlistBuddy -c \"Print CFBundleVersion\" \"${PROJECT_DIR}/${INFOPLIST_FILE}\")\nbuildNumber=$(($buildNumber + 1))\n/usr/libexec/PlistBuddy -c \"Set :CFBundleVersion $buildNumber\" \"${PROJECT_DIR}/${INFOPLIST_FILE}\"";
		};
/* End PBXShellScriptBuildPhase section */

/* Begin PBXSourcesBuildPhase section */
		10854D991E44CF84003934E5 /* Sources */ = {
			isa = PBXSourcesBuildPhase;
			buildActionMask = 2147483647;
			files = (
				108C50341E466501001C680A /* GameVC.swift in Sources */,
				1014D30A1E4532BB00C7CCCB /* RollButton.swift in Sources */,
				10854DBD1E44D169003934E5 /* ChicagoModel.swift in Sources */,
				1009B2B91E47F0CB00A9AF6F /* Protocols.swift in Sources */,
				1014D3081E4532AE00C7CCCB /* PotDisplay.swift in Sources */,
				1014D30E1E4532EE00C7CCCB /* PhaseDisplay.swift in Sources */,
				10357FD51E48D96600EE29D5 /* ViewUpdater.swift in Sources */,
				1014D3061E4532A300C7CCCB /* PlayerDisplay.swift in Sources */,
				1014D3041E45328800C7CCCB /* DieButton.swift in Sources */,
				10854DBF1E44D48D003934E5 /* Player.swift in Sources */,
				10854DC11E44D5CE003934E5 /* Die.swift in Sources */,
				108C50361E4666E9001C680A /* CompactVC.swift in Sources */,
				10854DA61E44CF84003934E5 /* MessagesViewController.swift in Sources */,
			);
			runOnlyForDeploymentPostprocessing = 0;
		};
/* End PBXSourcesBuildPhase section */

/* Begin PBXTargetDependency section */
		10854DA01E44CF84003934E5 /* PBXTargetDependency */ = {
			isa = PBXTargetDependency;
			target = 10854D9C1E44CF84003934E5 /* MessagesExtension */;
			targetProxy = 10854D9F1E44CF84003934E5 /* PBXContainerItemProxy */;
		};
/* End PBXTargetDependency section */

/* Begin PBXVariantGroup section */
		10854DA71E44CF84003934E5 /* MainInterface.storyboard */ = {
			isa = PBXVariantGroup;
			children = (
				10854DA81E44CF84003934E5 /* Base */,
			);
			name = MainInterface.storyboard;
			sourceTree = "<group>";
		};
/* End PBXVariantGroup section */

/* Begin XCBuildConfiguration section */
		10854DAD1E44CF84003934E5 /* Debug */ = {
			isa = XCBuildConfiguration;
			buildSettings = {
				ALWAYS_SEARCH_USER_PATHS = NO;
				CLANG_ANALYZER_NONNULL = YES;
				CLANG_CXX_LANGUAGE_STANDARD = "gnu++0x";
				CLANG_CXX_LIBRARY = "libc++";
				CLANG_ENABLE_MODULES = YES;
				CLANG_ENABLE_OBJC_ARC = YES;
				CLANG_WARN_BOOL_CONVERSION = YES;
				CLANG_WARN_CONSTANT_CONVERSION = YES;
				CLANG_WARN_DIRECT_OBJC_ISA_USAGE = YES_ERROR;
				CLANG_WARN_DOCUMENTATION_COMMENTS = YES;
				CLANG_WARN_EMPTY_BODY = YES;
				CLANG_WARN_ENUM_CONVERSION = YES;
				CLANG_WARN_INFINITE_RECURSION = YES;
				CLANG_WARN_INT_CONVERSION = YES;
				CLANG_WARN_OBJC_ROOT_CLASS = YES_ERROR;
				CLANG_WARN_SUSPICIOUS_MOVE = YES;
				CLANG_WARN_UNREACHABLE_CODE = YES;
				CLANG_WARN__DUPLICATE_METHOD_MATCH = YES;
				"CODE_SIGN_IDENTITY[sdk=iphoneos*]" = "iPhone Developer";
				COPY_PHASE_STRIP = NO;
				DEBUG_INFORMATION_FORMAT = dwarf;
				ENABLE_STRICT_OBJC_MSGSEND = YES;
				ENABLE_TESTABILITY = YES;
				GCC_C_LANGUAGE_STANDARD = gnu99;
				GCC_DYNAMIC_NO_PIC = NO;
				GCC_NO_COMMON_BLOCKS = YES;
				GCC_OPTIMIZATION_LEVEL = 0;
				GCC_PREPROCESSOR_DEFINITIONS = (
					"DEBUG=1",
					"$(inherited)",
				);
				GCC_WARN_64_TO_32_BIT_CONVERSION = YES;
				GCC_WARN_ABOUT_RETURN_TYPE = YES_ERROR;
				GCC_WARN_UNDECLARED_SELECTOR = YES;
				GCC_WARN_UNINITIALIZED_AUTOS = YES_AGGRESSIVE;
				GCC_WARN_UNUSED_FUNCTION = YES;
				GCC_WARN_UNUSED_VARIABLE = YES;
				IPHONEOS_DEPLOYMENT_TARGET = 10.2;
				MTL_ENABLE_DEBUG_INFO = YES;
				ONLY_ACTIVE_ARCH = YES;
				SDKROOT = iphoneos;
				SWIFT_ACTIVE_COMPILATION_CONDITIONS = DEBUG;
				SWIFT_OPTIMIZATION_LEVEL = "-Onone";
				TARGETED_DEVICE_FAMILY = "1,2";
			};
			name = Debug;
		};
		10854DAE1E44CF84003934E5 /* Release */ = {
			isa = XCBuildConfiguration;
			buildSettings = {
				ALWAYS_SEARCH_USER_PATHS = NO;
				CLANG_ANALYZER_NONNULL = YES;
				CLANG_CXX_LANGUAGE_STANDARD = "gnu++0x";
				CLANG_CXX_LIBRARY = "libc++";
				CLANG_ENABLE_MODULES = YES;
				CLANG_ENABLE_OBJC_ARC = YES;
				CLANG_WARN_BOOL_CONVERSION = YES;
				CLANG_WARN_CONSTANT_CONVERSION = YES;
				CLANG_WARN_DIRECT_OBJC_ISA_USAGE = YES_ERROR;
				CLANG_WARN_DOCUMENTATION_COMMENTS = YES;
				CLANG_WARN_EMPTY_BODY = YES;
				CLANG_WARN_ENUM_CONVERSION = YES;
				CLANG_WARN_INFINITE_RECURSION = YES;
				CLANG_WARN_INT_CONVERSION = YES;
				CLANG_WARN_OBJC_ROOT_CLASS = YES_ERROR;
				CLANG_WARN_SUSPICIOUS_MOVE = YES;
				CLANG_WARN_UNREACHABLE_CODE = YES;
				CLANG_WARN__DUPLICATE_METHOD_MATCH = YES;
				"CODE_SIGN_IDENTITY[sdk=iphoneos*]" = "iPhone Developer";
				COPY_PHASE_STRIP = NO;
				DEBUG_INFORMATION_FORMAT = "dwarf-with-dsym";
				ENABLE_NS_ASSERTIONS = NO;
				ENABLE_STRICT_OBJC_MSGSEND = YES;
				GCC_C_LANGUAGE_STANDARD = gnu99;
				GCC_NO_COMMON_BLOCKS = YES;
				GCC_WARN_64_TO_32_BIT_CONVERSION = YES;
				GCC_WARN_ABOUT_RETURN_TYPE = YES_ERROR;
				GCC_WARN_UNDECLARED_SELECTOR = YES;
				GCC_WARN_UNINITIALIZED_AUTOS = YES_AGGRESSIVE;
				GCC_WARN_UNUSED_FUNCTION = YES;
				GCC_WARN_UNUSED_VARIABLE = YES;
				IPHONEOS_DEPLOYMENT_TARGET = 10.2;
				MTL_ENABLE_DEBUG_INFO = NO;
				SDKROOT = iphoneos;
				SWIFT_OPTIMIZATION_LEVEL = "-Owholemodule";
				TARGETED_DEVICE_FAMILY = "1,2";
				VALIDATE_PRODUCT = YES;
			};
			name = Release;
		};
		10854DB01E44CF84003934E5 /* Debug */ = {
			isa = XCBuildConfiguration;
			buildSettings = {
				ASSETCATALOG_COMPILER_APPICON_NAME = "iMessage App Icon";
				DEVELOPMENT_TEAM = TFEDY5M56J;
				INFOPLIST_FILE = MessagesExtension/Info.plist;
				LD_RUNPATH_SEARCH_PATHS = "$(inherited) @executable_path/Frameworks @executable_path/../../Frameworks";
				PRODUCT_BUNDLE_IDENTIFIER = com.drewlanning.Chicago.MessagesExtension;
				PRODUCT_NAME = "$(TARGET_NAME)";
				SKIP_INSTALL = YES;
				SWIFT_VERSION = 3.0;
			};
			name = Debug;
		};
		10854DB11E44CF84003934E5 /* Release */ = {
			isa = XCBuildConfiguration;
			buildSettings = {
				ASSETCATALOG_COMPILER_APPICON_NAME = "iMessage App Icon";
				DEVELOPMENT_TEAM = TFEDY5M56J;
				INFOPLIST_FILE = MessagesExtension/Info.plist;
				LD_RUNPATH_SEARCH_PATHS = "$(inherited) @executable_path/Frameworks @executable_path/../../Frameworks";
				PRODUCT_BUNDLE_IDENTIFIER = com.drewlanning.Chicago.MessagesExtension;
				PRODUCT_NAME = "$(TARGET_NAME)";
				SKIP_INSTALL = YES;
				SWIFT_VERSION = 3.0;
			};
			name = Release;
		};
		10854DB41E44CF84003934E5 /* Debug */ = {
			isa = XCBuildConfiguration;
			buildSettings = {
				ALWAYS_EMBED_SWIFT_STANDARD_LIBRARIES = YES;
				ASSETCATALOG_COMPILER_APPICON_NAME = AppIcon;
				DEVELOPMENT_TEAM = TFEDY5M56J;
				INFOPLIST_FILE = Chicago/Info.plist;
				PRODUCT_BUNDLE_IDENTIFIER = com.drewlanning.Chicago;
				PRODUCT_NAME = "$(TARGET_NAME)";
				SWIFT_VERSION = 3.0;
			};
			name = Debug;
		};
		10854DB51E44CF84003934E5 /* Release */ = {
			isa = XCBuildConfiguration;
			buildSettings = {
				ALWAYS_EMBED_SWIFT_STANDARD_LIBRARIES = YES;
				ASSETCATALOG_COMPILER_APPICON_NAME = AppIcon;
				DEVELOPMENT_TEAM = TFEDY5M56J;
				INFOPLIST_FILE = Chicago/Info.plist;
				PRODUCT_BUNDLE_IDENTIFIER = com.drewlanning.Chicago;
				PRODUCT_NAME = "$(TARGET_NAME)";
				SWIFT_VERSION = 3.0;
			};
			name = Release;
		};
/* End XCBuildConfiguration section */

/* Begin XCConfigurationList section */
		10854D901E44CF83003934E5 /* Build configuration list for PBXProject "Chicago" */ = {
			isa = XCConfigurationList;
			buildConfigurations = (
				10854DAD1E44CF84003934E5 /* Debug */,
				10854DAE1E44CF84003934E5 /* Release */,
			);
			defaultConfigurationIsVisible = 0;
			defaultConfigurationName = Release;
		};
		10854DAF1E44CF84003934E5 /* Build configuration list for PBXNativeTarget "MessagesExtension" */ = {
			isa = XCConfigurationList;
			buildConfigurations = (
				10854DB01E44CF84003934E5 /* Debug */,
				10854DB11E44CF84003934E5 /* Release */,
			);
			defaultConfigurationIsVisible = 0;
			defaultConfigurationName = Release;
		};
		10854DB31E44CF84003934E5 /* Build configuration list for PBXNativeTarget "Chicago" */ = {
			isa = XCConfigurationList;
			buildConfigurations = (
				10854DB41E44CF84003934E5 /* Debug */,
				10854DB51E44CF84003934E5 /* Release */,
			);
			defaultConfigurationIsVisible = 0;
			defaultConfigurationName = Release;
		};
/* End XCConfigurationList section */
	};
	rootObject = 10854D8D1E44CF83003934E5 /* Project object */;
}
